PODS:
  - Alamofire (4.9.1)
  - Kingfisher (5.12.0):
    - Kingfisher/Core (= 5.12.0)
  - Kingfisher/Core (5.12.0)
  - Moya (13.0.1):
    - Moya/Core (= 13.0.1)
  - Moya/Core (13.0.1):
    - Alamofire (~> 4.1)
    - Result (~> 4.1)
  - Result (4.1.0)
  - RxCocoa (5.0.1):
    - RxRelay (~> 5)
    - RxSwift (~> 5)
  - RxCoreLocation (1.4.1):
    - RxCoreLocation/Core (= 1.4.1)
  - RxCoreLocation/Core (1.4.1):
    - RxCocoa (~> 5.0)
    - RxSwift (~> 5.0)
  - RxRelay (5.0.1):
    - RxSwift (~> 5)
  - RxSwift (5.0.1)
  - SVProgressHUD (2.2.5)

DEPENDENCIES:
  - Kingfisher
  - Moya
  - RxCocoa
  - RxCoreLocation
  - RxSwift
  - SVProgressHUD

SPEC REPOS:
  https://github.com/CocoaPods/Specs.git:
    - Alamofire
    - Kingfisher
    - Moya
    - Result
    - RxCocoa
    - RxCoreLocation
    - RxRelay
    - RxSwift
    - SVProgressHUD

SPEC CHECKSUMS:
  Alamofire: 85e8a02c69d6020a0d734f6054870d7ecb75cf18
  Kingfisher: dc6e0f53bb5b12c3e75bedb0e01bbd7a640eea69
  Moya: f4a4b80ff2f8a4ffc208dfb31cd91636622fee6e
  Result: bd966fac789cc6c1563440b348ab2598cc24d5c7
  RxCocoa: e741b9749968e8a143e2b787f1dfbff2b63d0a5c
  RxCoreLocation: 85e9a3310c22619404dcbf91258d29c44429eea8
  RxRelay: 89d54507f4fd4d969e6ec1d4bd7f3673640b4640
  RxSwift: e2dc62b366a3adf6a0be44ba9f405efd4c94e0c4
  SVProgressHUD: 1428aafac632c1f86f62aa4243ec12008d7a51d6

PODFILE CHECKSUM: a961285863d68a0727e33122a345b72c1d60f411

COCOAPODS: 1.8.4
